
Microsoft Visual Studio Solution File, Format Version 12.00
# Visual Studio Version 16
VisualStudioVersion = 16.0.36631.11
MinimumVisualStudioVersion = 10.0.40219.1
Project("{FAE04EC0-301F-11D3-BF4B-00C04F79EFBC}") = "Capa_Vista_Cursos", "Capa_Vista_Cursos\Capa_Vista_Cursos.csproj", "{C135F462-AA3F-4716-ACDB-1D03F6B2C507}"
EndProject
Project("{FAE04EC0-301F-11D3-BF4B-00C04F79EFBC}") = "Capa_Modelo_Cursos", "Capa_Modelo_Cursos\Capa_Modelo_Cursos.csproj", "{8072B6F2-693C-4FEC-8ABC-33A80392D2D6}"
EndProject
Project("{FAE04EC0-301F-11D3-BF4B-00C04F79EFBC}") = "Capa_Controlador_cursos", "Capa_Controlador_cursos\Capa_Controlador_cursos.csproj", "{31AFB947-1F21-4AC3-A817-9A5BA06BF2A9}"
EndProject
Global
	GlobalSection(SolutionConfigurationPlatforms) = preSolution
		Debug|Any CPU = Debug|Any CPU
		Release|Any CPU = Release|Any CPU
	EndGlobalSection
	GlobalSection(ProjectConfigurationPlatforms) = postSolution
		{C135F462-AA3F-4716-ACDB-1D03F6B2C507}.Debug|Any CPU.ActiveCfg = Debug|Any CPU
		{C135F462-AA3F-4716-ACDB-1D03F6B2C507}.Debug|Any CPU.Build.0 = Debug|Any CPU
		{C135F462-AA3F-4716-ACDB-1D03F6B2C507}.Release|Any CPU.ActiveCfg = Release|Any CPU
		{C135F462-AA3F-4716-ACDB-1D03F6B2C507}.Release|Any CPU.Build.0 = Release|Any CPU
		{8072B6F2-693C-4FEC-8ABC-33A80392D2D6}.Debug|Any CPU.ActiveCfg = Debug|Any CPU
		{8072B6F2-693C-4FEC-8ABC-33A80392D2D6}.Debug|Any CPU.Build.0 = Debug|Any CPU
		{8072B6F2-693C-4FEC-8ABC-33A80392D2D6}.Release|Any CPU.ActiveCfg = Release|Any CPU
		{8072B6F2-693C-4FEC-8ABC-33A80392D2D6}.Release|Any CPU.Build.0 = Release|Any CPU
		{31AFB947-1F21-4AC3-A817-9A5BA06BF2A9}.Debug|Any CPU.ActiveCfg = Debug|Any CPU
		{31AFB947-1F21-4AC3-A817-9A5BA06BF2A9}.Debug|Any CPU.Build.0 = Debug|Any CPU
		{31AFB947-1F21-4AC3-A817-9A5BA06BF2A9}.Release|Any CPU.ActiveCfg = Release|Any CPU
		{31AFB947-1F21-4AC3-A817-9A5BA06BF2A9}.Release|Any CPU.Build.0 = Release|Any CPU
	EndGlobalSection
	GlobalSection(SolutionProperties) = preSolution
		HideSolutionNode = FALSE
	EndGlobalSection
	GlobalSection(ExtensibilityGlobals) = postSolution
		SolutionGuid = {C3F4B3BF-A080-48DF-95D2-44123C324697}
	EndGlobalSection
EndGlobal
